<Solution>
  <Project Path="midterm variant 2/midterm variant 2.csproj" Id="331e72b7-3236-4f43-b53a-597b6d8e81ed" />
  <Project Path="midterm variant 3/midterm variant 3.csproj" Id="d2a45508-7f26-4abb-a511-fdb64c2320e1" />
  <Project Path="midterm variant 4/midterm variant 4.csproj" Id="95acd002-dc8f-4347-a240-34d24872fdcd" />
  <Project Path="midterm variant 5/midterm variant 5.csproj" Id="da30f9f4-1c58-46f1-9665-72c016a02ea7" />
  <Project Path="midterm variant 7/midterm variant 7.csproj" Id="05e09991-60ca-427b-9485-fddad23956dd" />
  <Project Path="midterm variant 8/midterm variant 8.csproj" Id="a36b1602-62c1-4201-ade0-b996289857c5" />
  <Project Path="Midterm/Midterm.csproj" Id="480b5ceb-588b-434a-a802-c2191c6b0665" />
  <Project Path="Test/Test.csproj" Id="36ad4a37-17e2-4b5a-b676-1a1ce89f3d71" />
</Solution>
